
Microsoft Visual Studio Solution File, Format Version 12.00
# Visual Studio Version 17
VisualStudioVersion = 17.5.002.0
MinimumVisualStudioVersion = 10.0.40219.1
Project("{9A19103F-16F7-4668-BE54-9A1E7A4F7556}") = "TodoAPI", "TodoAPI\TodoAPI.csproj", "{8B55A540-8A87-4E43-BC10-011EB6862616}"
EndProject
Global
	GlobalSection(SolutionConfigurationPlatforms) = preSolution
		Debug|Any CPU = Debug|Any CPU
		Release|Any CPU = Release|Any CPU
	EndGlobalSection
	GlobalSection(ProjectConfigurationPlatforms) = postSolution
		{8B55A540-8A87-4E43-BC10-011EB6862616}.Debug|Any CPU.ActiveCfg = Debug|Any CPU
		{8B55A540-8A87-4E43-BC10-011EB6862616}.Debug|Any CPU.Build.0 = Debug|Any CPU
		{8B55A540-8A87-4E43-BC10-011EB6862616}.Release|Any CPU.ActiveCfg = Release|Any CPU
		{8B55A540-8A87-4E43-BC10-011EB6862616}.Release|Any CPU.Build.0 = Release|Any CPU
	EndGlobalSection
	GlobalSection(SolutionProperties) = preSolution
		HideSolutionNode = FALSE
	EndGlobalSection
	GlobalSection(ExtensibilityGlobals) = postSolution
		SolutionGuid = {41BA2F39-D2A5-4EAD-B02E-07B4DFD6BF0E}
	EndGlobalSection
EndGlobal
